// !$*UTF8*$!
{
	archiveVersion = 1;
	classes = {
	};
	objectVersion = 46;
	objects = {

/* Begin PBXBuildFile section */
		5DB0BFD31E9DDE24001565C8 /* main.m in Sources */ = {isa = PBXBuildFile; fileRef = 5DB0BFD21E9DDE24001565C8 /* main.m */; };
		5DB0BFDB1E9DDE39001565C8 /* Person.m in Sources */ = {isa = PBXBuildFile; fileRef = 5DB0BFDA1E9DDE39001565C8 /* Person.m */; };
		5DB0BFDE1E9DDE48001565C8 /* Dog.m in Sources */ = {isa = PBXBuildFile; fileRef = 5DB0BFDD1E9DDE48001565C8 /* Dog.m */; };
		5DB0BFE11E9DE437001565C8 /* Student.m in Sources */ = {isa = PBXBuildFile; fileRef = 5DB0BFE01E9DE437001565C8 /* Student.m */; };
/* End PBXBuildFile section */

/* Begin PBXCopyFilesBuildPhase section */
		5DB0BFCD1E9DDE24001565C8 /* CopyFiles */ = {
			isa = PBXCopyFilesBuildPhase;
			buildActionMask = 2147483647;
			dstPath = /usr/share/man/man1/;
			dstSubfolderSpec = 0;
			files = (
			);
			runOnlyForDeploymentPostprocessing = 1;
		};
/* End PBXCopyFilesBuildPhase section */

/* Begin PBXFileReference section */
		5DB0BFCF1E9DDE24001565C8 /* 自定义类实现 Copy */ = {isa = PBXFileReference; explicitFileType = "compiled.mach-o.executable"; includeInIndex = 0; path = "自定义类实现 Copy"; sourceTree = BUILT_PRODUCTS_DIR; };
		5DB0BFD21E9DDE24001565C8 /* main.m */ = {isa = PBXFileReference; lastKnownFileType = sourcecode.c.objc; path = main.m; sourceTree = "<group>"; };
		5DB0BFD91E9DDE39001565C8 /* Person.h */ = {isa = PBXFileReference; fileEncoding = 4; lastKnownFileType = sourcecode.c.h; path = Person.h; sourceTree = "<group>"; };
		5DB0BFDA1E9DDE39001565C8 /* Person.m */ = {isa = PBXFileReference; fileEncoding = 4; lastKnownFileType = sourcecode.c.objc; path = Person.m; sourceTree = "<group>"; };
		5DB0BFDC1E9DDE48001565C8 /* Dog.h */ = {isa = PBXFileReference; fileEncoding = 4; lastKnownFileType = sourcecode.c.h; path = Dog.h; sourceTree = "<group>"; };
		5DB0BFDD1E9DDE48001565C8 /* Dog.m */ = {isa = PBXFileReference; fileEncoding = 4; lastKnownFileType = sourcecode.c.objc; path = Dog.m; sourceTree = "<group>"; };
		5DB0BFDF1E9DE437001565C8 /* Student.h */ = {isa = PBXFileReference; fileEncoding = 4; lastKnownFileType = sourcecode.c.h; path = Student.h; sourceTree = "<group>"; };
		5DB0BFE01E9DE437001565C8 /* Student.m */ = {isa = PBXFileReference; fileEncoding = 4; lastKnownFileType = sourcecode.c.objc; path = Student.m; sourceTree = "<group>"; };
/* End PBXFileReference section */

/* Begin PBXFrameworksBuildPhase section */
		5DB0BFCC1E9DDE24001565C8 /* Frameworks */ = {
			isa = PBXFrameworksBuildPhase;
			buildActionMask = 2147483647;
			files = (
			);
			runOnlyForDeploymentPostprocessing = 0;
		};
/* End PBXFrameworksBuildPhase section */

/* Begin PBXGroup section */
		5DB0BFC61E9DDE23001565C8 = {
			isa = PBXGroup;
			children = (
				5DB0BFD11E9DDE24001565C8 /* 自定义类实现 Copy */,
				5DB0BFD01E9DDE24001565C8 /* Products */,
			);
			sourceTree = "<group>";
		};
		5DB0BFD01E9DDE24001565C8 /* Products */ = {
			isa = PBXGroup;
			children = (
				5DB0BFCF1E9DDE24001565C8 /* 自定义类实现 Copy */,
			);
			name = Products;
			sourceTree = "<group>";
		};
		5DB0BFD11E9DDE24001565C8 /* 自定义类实现 Copy */ = {
			isa = PBXGroup;
			children = (
				5DB0BFD21E9DDE24001565C8 /* main.m */,
				5DB0BFD91E9DDE39001565C8 /* Person.h */,
				5DB0BFDA1E9DDE39001565C8 /* Person.m */,
				5DB0BFDF1E9DE437001565C8 /* Student.h */,
				5DB0BFE01E9DE437001565C8 /* Student.m */,
				5DB0BFDC1E9DDE48001565C8 /* Dog.h */,
				5DB0BFDD1E9DDE48001565C8 /* Dog.m */,
			);
			path = "自定义类实现 Copy";
			sourceTree = "<group>";
		};
/* End PBXGroup section */

/* Begin PBXNativeTarget section */
		5DB0BFCE1E9DDE24001565C8 /* 自定义类实现 Copy */ = {
			isa = PBXNativeTarget;
			buildConfigurationList = 5DB0BFD61E9DDE24001565C8 /* Build configuration list for PBXNativeTarget "自定义类实现 Copy" */;
			buildPhases = (
				5DB0BFCB1E9DDE24001565C8 /* Sources */,
				5DB0BFCC1E9DDE24001565C8 /* Frameworks */,
				5DB0BFCD1E9DDE24001565C8 /* CopyFiles */,
			);
			buildRules = (
			);
			dependencies = (
			);
			name = "自定义类实现 Copy";
			productName = "自定义类实现 Copy";
			productReference = 5DB0BFCF1E9DDE24001565C8 /* 自定义类实现 Copy */;
			productType = "com.apple.product-type.tool";
		};
/* End PBXNativeTarget section */

/* Begin PBXProject section */
		5DB0BFC71E9DDE23001565C8 /* Project object */ = {
			isa = PBXProject;
			attributes = {
				LastUpgradeCheck = 0820;
				ORGANIZATIONNAME = "陈良静";
				TargetAttributes = {
					5DB0BFCE1E9DDE24001565C8 = {
						CreatedOnToolsVersion = 8.2.1;
						ProvisioningStyle = Automatic;
					};
				};
			};
			buildConfigurationList = 5DB0BFCA1E9DDE23001565C8 /* Build configuration list for PBXProject "自定义类实现 Copy" */;
			compatibilityVersion = "Xcode 3.2";
			developmentRegion = English;
			hasScannedForEncodings = 0;
			knownRegions = (
				en,
			);
			mainGroup = 5DB0BFC61E9DDE23001565C8;
			productRefGroup = 5DB0BFD01E9DDE24001565C8 /* Products */;
			projectDirPath = "";
			projectRoot = "";
			targets = (
				5DB0BFCE1E9DDE24001565C8 /* 自定义类实现 Copy */,
			);
		};
/* End PBXProject section */

/* Begin PBXSourcesBuildPhase section */
		5DB0BFCB1E9DDE24001565C8 /* Sources */ = {
			isa = PBXSourcesBuildPhase;
			buildActionMask = 2147483647;
			files = (
				5DB0BFDE1E9DDE48001565C8 /* Dog.m in Sources */,
				5DB0BFDB1E9DDE39001565C8 /* Person.m in Sources */,
				5DB0BFD31E9DDE24001565C8 /* main.m in Sources */,
				5DB0BFE11E9DE437001565C8 /* Student.m in Sources */,
			);
			runOnlyForDeploymentPostprocessing = 0;
		};
/* End PBXSourcesBuildPhase section */

/* Begin XCBuildConfiguration section */
		5DB0BFD41E9DDE24001565C8 /* Debug */ = {
			isa = XCBuildConfiguration;
			buildSettings = {
				ALWAYS_SEARCH_USER_PATHS = NO;
				CLANG_ANALYZER_NONNULL = YES;
				CLANG_CXX_LANGUAGE_STANDARD = "gnu++0x";
				CLANG_CXX_LIBRARY = "libc++";
				CLANG_ENABLE_MODULES = YES;
				CLANG_ENABLE_OBJC_ARC = YES;
				CLANG_WARN_BOOL_CONVERSION = YES;
				CLANG_WARN_CONSTANT_CONVERSION = YES;
				CLANG_WARN_DIRECT_OBJC_ISA_USAGE = YES_ERROR;
				CLANG_WARN_DOCUMENTATION_COMMENTS = YES;
				CLANG_WARN_EMPTY_BODY = YES;
				CLANG_WARN_ENUM_CONVERSION = YES;
				CLANG_WARN_INFINITE_RECURSION = YES;
				CLANG_WARN_INT_CONVERSION = YES;
				CLANG_WARN_OBJC_ROOT_CLASS = YES_ERROR;
				CLANG_WARN_SUSPICIOUS_MOVE = YES;
				CLANG_WARN_UNREACHABLE_CODE = YES;
				CLANG_WARN__DUPLICATE_METHOD_MATCH = YES;
				CODE_SIGN_IDENTITY = "-";
				COPY_PHASE_STRIP = NO;
				DEBUG_INFORMATION_FORMAT = dwarf;
				ENABLE_STRICT_OBJC_MSGSEND = YES;
				ENABLE_TESTABILITY = YES;
				GCC_C_LANGUAGE_STANDARD = gnu99;
				GCC_DYNAMIC_NO_PIC = NO;
				GCC_NO_COMMON_BLOCKS = YES;
				GCC_OPTIMIZATION_LEVEL = 0;
				GCC_PREPROCESSOR_DEFINITIONS = (
					"DEBUG=1",
					"$(inherited)",
				);
				GCC_WARN_64_TO_32_BIT_CONVERSION = YES;
				GCC_WARN_ABOUT_RETURN_TYPE = YES_ERROR;
				GCC_WARN_UNDECLARED_SELECTOR = YES;
				GCC_WARN_UNINITIALIZED_AUTOS = YES_AGGRESSIVE;
				GCC_WARN_UNUSED_FUNCTION = YES;
				GCC_WARN_UNUSED_VARIABLE = YES;
				MACOSX_DEPLOYMENT_TARGET = 10.12;
				MTL_ENABLE_DEBUG_INFO = YES;
				ONLY_ACTIVE_ARCH = YES;
				SDKROOT = macosx;
			};
			name = Debug;
		};
		5DB0BFD51E9DDE24001565C8 /* Release */ = {
			isa = XCBuildConfiguration;
			buildSettings = {
				ALWAYS_SEARCH_USER_PATHS = NO;
				CLANG_ANALYZER_NONNULL = YES;
				CLANG_CXX_LANGUAGE_STANDARD = "gnu++0x";
				CLANG_CXX_LIBRARY = "libc++";
				CLANG_ENABLE_MODULES = YES;
				CLANG_ENABLE_OBJC_ARC = YES;
				CLANG_WARN_BOOL_CONVERSION = YES;
				CLANG_WARN_CONSTANT_CONVERSION = YES;
				CLANG_WARN_DIRECT_OBJC_ISA_USAGE = YES_ERROR;
				CLANG_WARN_DOCUMENTATION_COMMENTS = YES;
				CLANG_WARN_EMPTY_BODY = YES;
				CLANG_WARN_ENUM_CONVERSION = YES;
				CLANG_WARN_INFINITE_RECURSION = YES;
				CLANG_WARN_INT_CONVERSION = YES;
				CLANG_WARN_OBJC_ROOT_CLASS = YES_ERROR;
				CLANG_WARN_SUSPICIOUS_MOVE = YES;
				CLANG_WARN_UNREACHABLE_CODE = YES;
				CLANG_WARN__DUPLICATE_METHOD_MATCH = YES;
				CODE_SIGN_IDENTITY = "-";
				COPY_PHASE_STRIP = NO;
				DEBUG_INFORMATION_FORMAT = "dwarf-with-dsym";
				ENABLE_NS_ASSERTIONS = NO;
				ENABLE_STRICT_OBJC_MSGSEND = YES;
				GCC_C_LANGUAGE_STANDARD = gnu99;
				GCC_NO_COMMON_BLOCKS = YES;
				GCC_WARN_64_TO_32_BIT_CONVERSION = YES;
				GCC_WARN_ABOUT_RETURN_TYPE = YES_ERROR;
				GCC_WARN_UNDECLARED_SELECTOR = YES;
				GCC_WARN_UNINITIALIZED_AUTOS = YES_AGGRESSIVE;
				GCC_WARN_UNUSED_FUNCTION = YES;
				GCC_WARN_UNUSED_VARIABLE = YES;
				MACOSX_DEPLOYMENT_TARGET = 10.12;
				MTL_ENABLE_DEBUG_INFO = NO;
				SDKROOT = macosx;
			};
			name = Release;
		};
		5DB0BFD71E9DDE24001565C8 /* Debug */ = {
			isa = XCBuildConfiguration;
			buildSettings = {
				PRODUCT_NAME = "$(TARGET_NAME)";
			};
			name = Debug;
		};
		5DB0BFD81E9DDE24001565C8 /* Release */ = {
			isa = XCBuildConfiguration;
			buildSettings = {
				PRODUCT_NAME = "$(TARGET_NAME)";
			};
			name = Release;
		};
/* End XCBuildConfiguration section */

/* Begin XCConfigurationList section */
		5DB0BFCA1E9DDE23001565C8 /* Build configuration list for PBXProject "自定义类实现 Copy" */ = {
			isa = XCConfigurationList;
			buildConfigurations = (
				5DB0BFD41E9DDE24001565C8 /* Debug */,
				5DB0BFD51E9DDE24001565C8 /* Release */,
			);
			defaultConfigurationIsVisible = 0;
			defaultConfigurationName = Release;
		};
		5DB0BFD61E9DDE24001565C8 /* Build configuration list for PBXNativeTarget "自定义类实现 Copy" */ = {
			isa = XCConfigurationList;
			buildConfigurations = (
				5DB0BFD71E9DDE24001565C8 /* Debug */,
				5DB0BFD81E9DDE24001565C8 /* Release */,
			);
			defaultConfigurationIsVisible = 0;
		};
/* End XCConfigurationList section */
	};
	rootObject = 5DB0BFC71E9DDE23001565C8 /* Project object */;
}
